<?xml version="1.0" encoding="utf-8"?>
<Project ToolsVersion="4.0" xmlns="http://schemas.microsoft.com/developer/msbuild/2003">
  <ItemGroup>
    <Filter Include="源文件">
      <UniqueIdentifier>{4FC737F1-C7A5-4376-A066-2A32D752A2FF}</UniqueIdentifier>
      <Extensions>cpp;c;cc;cxx;def;odl;idl;hpj;bat;asm;asmx</Extensions>
    </Filter>
    <Filter Include="头文件">
      <UniqueIdentifier>{93995380-89BD-4b04-88EB-625FBE52EBFB}</UniqueIdentifier>
      <Extensions>h;hpp;hxx;hm;inl;inc;xsd</Extensions>
    </Filter>
    <Filter Include="资源文件">
      <UniqueIdentifier>{67DA6AB6-F800-4c08-8B7A-83BB121AAD01}</UniqueIdentifier>
      <Extensions>rc;ico;cur;bmp;dlg;rc2;rct;bin;rgs;gif;jpg;jpeg;jpe;resx;tiff;tif;png;wav;mfcribbon-ms</Extensions>
    </Filter>
  </ItemGroup>
  <ItemGroup>
    <None Include="ReadMe.txt" />
    <None Include="res\My.rc2">
      <Filter>资源文件</Filter>
    </None>
    <None Include="res\大学轻松么.ico">
      <Filter>资源文件</Filter>
    </None>
    <None Include="..\..\大学轻松么！\UI资源\load\load_cap1.bmp">
      <Filter>资源文件</Filter>
    </None>
    <None Include="..\..\大学轻松么！\UI资源\load\load_cap2.bmp">
      <Filter>资源文件</Filter>
    </None>
    <None Include="..\..\大学轻松么！\UI资源\load\load_cap3.bmp">
      <Filter>资源文件</Filter>
    </None>
    <None Include="..\..\大学轻松么！\UI资源\load\load_cap4.bmp">
      <Filter>资源文件</Filter>
    </None>
    <None Include="..\..\大学轻松么！\UI资源\load\load_cap5.bmp">
      <Filter>资源文件</Filter>
    </None>
    <None Include="..\..\大学轻松么！\UI资源\load\load_cap6.bmp">
      <Filter>资源文件</Filter>
    </None>
    <None Include="..\..\大学轻松么！\UI资源\load\load_cap7.bmp">
      <Filter>资源文件</Filter>
    </None>
    <None Include="..\..\大学轻松么！\UI资源\load\load_cap8.bmp">
      <Filter>资源文件</Filter>
    </None>
    <None Include="..\..\大学轻松么！\UI资源\load\load_cap9.bmp">
      <Filter>资源文件</Filter>
    </None>
    <None Include="..\..\大学轻松么！\UI资源\load\load_cap10.bmp">
      <Filter>资源文件</Filter>
    </None>
    <None Include="..\..\大学轻松么！\UI资源\load\load_cap11.bmp">
      <Filter>资源文件</Filter>
    </None>
    <None Include="..\..\大学轻松么！\UI资源\load\load_cap12.bmp">
      <Filter>资源文件</Filter>
    </None>
    <None Include="..\..\大学轻松么！\UI资源\load\load_cap13.bmp">
      <Filter>资源文件</Filter>
    </None>
    <None Include="..\..\大学轻松么！\UI资源\load\load_cap14.bmp">
      <Filter>资源文件</Filter>
    </None>
    <None Include="..\..\大学轻松么！\UI资源\load\load_cap15.bmp">
      <Filter>资源文件</Filter>
    </None>
    <None Include="..\..\大学轻松么！\UI资源\load\load_cap16.bmp">
      <Filter>资源文件</Filter>
    </None>
    <None Include="..\..\大学轻松么！\UI资源\load\load_cap17.bmp">
      <Filter>资源文件</Filter>
    </None>
    <None Include="..\..\大学轻松么！\UI资源\load\load_word.bmp">
      <Filter>资源文件</Filter>
    </None>
    <None Include="..\..\大学轻松么！\UI资源\load\load_exitgame.bmp">
      <Filter>资源文件</Filter>
    </None>
    <None Include="..\..\大学轻松么！\UI资源\load\load_gamename1.bmp">
      <Filter>资源文件</Filter>
    </None>
    <None Include="..\..\大学轻松么！\UI资源\load\load_gamename2.bmp">
      <Filter>资源文件</Filter>
    </None>
    <None Include="..\..\大学轻松么！\UI资源\load\load_introduction.bmp">
      <Filter>资源文件</Filter>
    </None>
    <None Include="..\..\大学轻松么！\UI资源\load\load_readstorage.bmp">
      <Filter>资源文件</Filter>
    </None>
    <None Include="..\..\大学轻松么！\UI资源\load\load_setting.bmp">
      <Filter>资源文件</Filter>
    </None>
    <None Include="..\..\大学轻松么！\UI资源\load\load_startgame.bmp">
      <Filter>资源文件</Filter>
    </None>
    <None Include="..\..\大学轻松么！\UI资源\load\load_tututu.bmp">
      <Filter>资源文件</Filter>
    </None>
    <None Include="..\..\大学轻松么！\UI资源\cursor\hand.cur">
      <Filter>资源文件</Filter>
    </None>
    <None Include="..\..\大学轻松么！\ui资源\cursor\cursor1.cur">
      <Filter>资源文件</Filter>
    </None>
    <None Include="..\..\大学轻松么！\UI资源\cursor\redhand.cur">
      <Filter>资源文件</Filter>
    </None>
    <None Include="..\..\大学轻松么！\UI资源\storage\storage_background1.bmp">
      <Filter>资源文件</Filter>
    </None>
    <None Include="..\..\大学轻松么！\UI资源\storage\storage_background2.bmp">
      <Filter>资源文件</Filter>
    </None>
    <None Include="..\..\大学轻松么！\UI资源\storage\storage_button_achievement.bmp">
      <Filter>资源文件</Filter>
    </None>
    <None Include="..\..\大学轻松么！\UI资源\storage\storage_button_back.bmp">
      <Filter>资源文件</Filter>
    </None>
    <None Include="..\..\大学轻松么！\UI资源\storage\storage_button_record.bmp">
      <Filter>资源文件</Filter>
    </None>
    <None Include="..\..\大学轻松么！\UI资源\storage\storage_record1.bmp">
      <Filter>资源文件</Filter>
    </None>
    <None Include="..\..\大学轻松么！\UI资源\storage\storage_record2.bmp">
      <Filter>资源文件</Filter>
    </None>
    <None Include="..\..\大学轻松么！\UI资源\storage\storage_record3.bmp">
      <Filter>资源文件</Filter>
    </None>
    <None Include="..\..\大学轻松么！\UI资源\cursor\goldlight.cur">
      <Filter>资源文件</Filter>
    </None>
    <None Include="..\..\test.wav">
      <Filter>资源文件</Filter>
    </None>
    <None Include="res\icon1.ico">
      <Filter>资源文件</Filter>
    </None>
    <None Include="..\..\大学轻松么！\UI资源\load\bigLOGO.ico">
      <Filter>资源文件</Filter>
    </None>
    <None Include="..\..\大学轻松么！\UI资源\load\smallLOGO.ico">
      <Filter>资源文件</Filter>
    </None>
  </ItemGroup>
  <ItemGroup>
    <ClInclude Include="大学轻松么.h">
      <Filter>头文件</Filter>
    </ClInclude>
    <ClInclude Include="MAINDlg.h">
      <Filter>头文件</Filter>
    </ClInclude>
    <ClInclude Include="stdafx.h">
      <Filter>头文件</Filter>
    </ClInclude>
    <ClInclude Include="targetver.h">
      <Filter>头文件</Filter>
    </ClInclude>
    <ClInclude Include="Resource.h">
      <Filter>头文件</Filter>
    </ClInclude>
    <ClInclude Include="comment.h">
      <Filter>头文件</Filter>
    </ClInclude>
  </ItemGroup>
  <ItemGroup>
    <ClCompile Include="大学轻松么.cpp">
      <Filter>源文件</Filter>
    </ClCompile>
    <ClCompile Include="MAINDlg.cpp">
      <Filter>源文件</Filter>
    </ClCompile>
    <ClCompile Include="stdafx.cpp">
      <Filter>源文件</Filter>
    </ClCompile>
    <ClCompile Include="data.cpp">
      <Filter>源文件</Filter>
    </ClCompile>
    <ClCompile Include="load.cpp">
      <Filter>源文件</Filter>
    </ClCompile>
    <ClCompile Include="storage.cpp">
      <Filter>源文件</Filter>
    </ClCompile>
    <ClCompile Include="game.cpp">
      <Filter>源文件</Filter>
    </ClCompile>
    <ClCompile Include="story_information.cpp">
      <Filter>源文件</Filter>
    </ClCompile>
    <ClCompile Include="word.cpp">
      <Filter>源文件</Filter>
    </ClCompile>
    <ClCompile Include="story_control.cpp">
      <Filter>源文件</Filter>
    </ClCompile>
    <ClCompile Include="story_information_initialization.cpp">
      <Filter>源文件</Filter>
    </ClCompile>
    <ClCompile Include="sound.cpp">
      <Filter>源文件</Filter>
    </ClCompile>
  </ItemGroup>
  <ItemGroup>
    <ResourceCompile Include="大学轻松么.rc">
      <Filter>资源文件</Filter>
    </ResourceCompile>
  </ItemGroup>
</Project>